// !$*UTF8*$!
{
	archiveVersion = 1;
	classes = {
	};
	objectVersion = 46;
	objects = {

/* Begin PBXBuildFile section */
		06277EA41D35E8C60050816F /* main.m in Sources */ = {isa = PBXBuildFile; fileRef = 06277EA31D35E8C60050816F /* main.m */; };
		06277EA71D35E8C60050816F /* AppDelegate.m in Sources */ = {isa = PBXBuildFile; fileRef = 06277EA61D35E8C60050816F /* AppDelegate.m */; };
		06277EAA1D35E8C60050816F /* ViewController.m in Sources */ = {isa = PBXBuildFile; fileRef = 06277EA91D35E8C60050816F /* ViewController.m */; };
		06277EAD1D35E8C60050816F /* Main.storyboard in Resources */ = {isa = PBXBuildFile; fileRef = 06277EAB1D35E8C60050816F /* Main.storyboard */; };
		06277EAF1D35E8C60050816F /* Assets.xcassets in Resources */ = {isa = PBXBuildFile; fileRef = 06277EAE1D35E8C60050816F /* Assets.xcassets */; };
		06277EB21D35E8C60050816F /* LaunchScreen.storyboard in Resources */ = {isa = PBXBuildFile; fileRef = 06277EB01D35E8C60050816F /* LaunchScreen.storyboard */; };
		06277EBD1D35E8C60050816F /* block___Tests.m in Sources */ = {isa = PBXBuildFile; fileRef = 06277EBC1D35E8C60050816F /* block___Tests.m */; };
		06277EC81D35E8C60050816F /* block___UITests.m in Sources */ = {isa = PBXBuildFile; fileRef = 06277EC71D35E8C60050816F /* block___UITests.m */; };
		06277ED71D35EB9B0050816F /* Person.m in Sources */ = {isa = PBXBuildFile; fileRef = 06277ED61D35EB9B0050816F /* Person.m */; };
/* End PBXBuildFile section */

/* Begin PBXContainerItemProxy section */
		06277EB91D35E8C60050816F /* PBXContainerItemProxy */ = {
			isa = PBXContainerItemProxy;
			containerPortal = 06277E971D35E8C60050816F /* Project object */;
			proxyType = 1;
			remoteGlobalIDString = 06277E9E1D35E8C60050816F;
			remoteInfo = "block的使用";
		};
		06277EC41D35E8C60050816F /* PBXContainerItemProxy */ = {
			isa = PBXContainerItemProxy;
			containerPortal = 06277E971D35E8C60050816F /* Project object */;
			proxyType = 1;
			remoteGlobalIDString = 06277E9E1D35E8C60050816F;
			remoteInfo = "block的使用";
		};
/* End PBXContainerItemProxy section */

/* Begin PBXFileReference section */
		06277E9F1D35E8C60050816F /* block的使用.app */ = {isa = PBXFileReference; explicitFileType = wrapper.application; includeInIndex = 0; path = "block的使用.app"; sourceTree = BUILT_PRODUCTS_DIR; };
		06277EA31D35E8C60050816F /* main.m */ = {isa = PBXFileReference; lastKnownFileType = sourcecode.c.objc; path = main.m; sourceTree = "<group>"; };
		06277EA51D35E8C60050816F /* AppDelegate.h */ = {isa = PBXFileReference; lastKnownFileType = sourcecode.c.h; path = AppDelegate.h; sourceTree = "<group>"; };
		06277EA61D35E8C60050816F /* AppDelegate.m */ = {isa = PBXFileReference; lastKnownFileType = sourcecode.c.objc; path = AppDelegate.m; sourceTree = "<group>"; };
		06277EA81D35E8C60050816F /* ViewController.h */ = {isa = PBXFileReference; lastKnownFileType = sourcecode.c.h; path = ViewController.h; sourceTree = "<group>"; };
		06277EA91D35E8C60050816F /* ViewController.m */ = {isa = PBXFileReference; lastKnownFileType = sourcecode.c.objc; path = ViewController.m; sourceTree = "<group>"; };
		06277EAC1D35E8C60050816F /* Base */ = {isa = PBXFileReference; lastKnownFileType = file.storyboard; name = Base; path = Base.lproj/Main.storyboard; sourceTree = "<group>"; };
		06277EAE1D35E8C60050816F /* Assets.xcassets */ = {isa = PBXFileReference; lastKnownFileType = folder.assetcatalog; path = Assets.xcassets; sourceTree = "<group>"; };
		06277EB11D35E8C60050816F /* Base */ = {isa = PBXFileReference; lastKnownFileType = file.storyboard; name = Base; path = Base.lproj/LaunchScreen.storyboard; sourceTree = "<group>"; };
		06277EB31D35E8C60050816F /* Info.plist */ = {isa = PBXFileReference; lastKnownFileType = text.plist.xml; path = Info.plist; sourceTree = "<group>"; };
		06277EB81D35E8C60050816F /* block的使用Tests.xctest */ = {isa = PBXFileReference; explicitFileType = wrapper.cfbundle; includeInIndex = 0; path = "block的使用Tests.xctest"; sourceTree = BUILT_PRODUCTS_DIR; };
		06277EBC1D35E8C60050816F /* block___Tests.m */ = {isa = PBXFileReference; lastKnownFileType = sourcecode.c.objc; path = "block___Tests.m"; sourceTree = "<group>"; };
		06277EBE1D35E8C60050816F /* Info.plist */ = {isa = PBXFileReference; lastKnownFileType = text.plist.xml; path = Info.plist; sourceTree = "<group>"; };
		06277EC31D35E8C60050816F /* block的使用UITests.xctest */ = {isa = PBXFileReference; explicitFileType = wrapper.cfbundle; includeInIndex = 0; path = "block的使用UITests.xctest"; sourceTree = BUILT_PRODUCTS_DIR; };
		06277EC71D35E8C60050816F /* block___UITests.m */ = {isa = PBXFileReference; lastKnownFileType = sourcecode.c.objc; path = "block___UITests.m"; sourceTree = "<group>"; };
		06277EC91D35E8C60050816F /* Info.plist */ = {isa = PBXFileReference; lastKnownFileType = text.plist.xml; path = Info.plist; sourceTree = "<group>"; };
		06277ED51D35EB9B0050816F /* Person.h */ = {isa = PBXFileReference; fileEncoding = 4; lastKnownFileType = sourcecode.c.h; name = Person.h; path = ../Person.h; sourceTree = "<group>"; };
		06277ED61D35EB9B0050816F /* Person.m */ = {isa = PBXFileReference; fileEncoding = 4; lastKnownFileType = sourcecode.c.objc; name = Person.m; path = ../Person.m; sourceTree = "<group>"; };
/* End PBXFileReference section */

/* Begin PBXFrameworksBuildPhase section */
		06277E9C1D35E8C60050816F /* Frameworks */ = {
			isa = PBXFrameworksBuildPhase;
			buildActionMask = 2147483647;
			files = (
			);
			runOnlyForDeploymentPostprocessing = 0;
		};
		06277EB51D35E8C60050816F /* Frameworks */ = {
			isa = PBXFrameworksBuildPhase;
			buildActionMask = 2147483647;
			files = (
			);
			runOnlyForDeploymentPostprocessing = 0;
		};
		06277EC01D35E8C60050816F /* Frameworks */ = {
			isa = PBXFrameworksBuildPhase;
			buildActionMask = 2147483647;
			files = (
			);
			runOnlyForDeploymentPostprocessing = 0;
		};
/* End PBXFrameworksBuildPhase section */

/* Begin PBXGroup section */
		06277E961D35E8C60050816F = {
			isa = PBXGroup;
			children = (
				06277EA11D35E8C60050816F /* block的使用 */,
				06277EBB1D35E8C60050816F /* block的使用Tests */,
				06277EC61D35E8C60050816F /* block的使用UITests */,
				06277EA01D35E8C60050816F /* Products */,
			);
			sourceTree = "<group>";
		};
		06277EA01D35E8C60050816F /* Products */ = {
			isa = PBXGroup;
			children = (
				06277E9F1D35E8C60050816F /* block的使用.app */,
				06277EB81D35E8C60050816F /* block的使用Tests.xctest */,
				06277EC31D35E8C60050816F /* block的使用UITests.xctest */,
			);
			name = Products;
			sourceTree = "<group>";
		};
		06277EA11D35E8C60050816F /* block的使用 */ = {
			isa = PBXGroup;
			children = (
				06277EA51D35E8C60050816F /* AppDelegate.h */,
				06277EA61D35E8C60050816F /* AppDelegate.m */,
				06277EA81D35E8C60050816F /* ViewController.h */,
				06277EA91D35E8C60050816F /* ViewController.m */,
				06277ED51D35EB9B0050816F /* Person.h */,
				06277ED61D35EB9B0050816F /* Person.m */,
				06277EAB1D35E8C60050816F /* Main.storyboard */,
				06277EAE1D35E8C60050816F /* Assets.xcassets */,
				06277EB01D35E8C60050816F /* LaunchScreen.storyboard */,
				06277EB31D35E8C60050816F /* Info.plist */,
				06277EA21D35E8C60050816F /* Supporting Files */,
			);
			path = "block的使用";
			sourceTree = "<group>";
		};
		06277EA21D35E8C60050816F /* Supporting Files */ = {
			isa = PBXGroup;
			children = (
				06277EA31D35E8C60050816F /* main.m */,
			);
			name = "Supporting Files";
			sourceTree = "<group>";
		};
		06277EBB1D35E8C60050816F /* block的使用Tests */ = {
			isa = PBXGroup;
			children = (
				06277EBC1D35E8C60050816F /* block___Tests.m */,
				06277EBE1D35E8C60050816F /* Info.plist */,
			);
			path = "block的使用Tests";
			sourceTree = "<group>";
		};
		06277EC61D35E8C60050816F /* block的使用UITests */ = {
			isa = PBXGroup;
			children = (
				06277EC71D35E8C60050816F /* block___UITests.m */,
				06277EC91D35E8C60050816F /* Info.plist */,
			);
			path = "block的使用UITests";
			sourceTree = "<group>";
		};
/* End PBXGroup section */

/* Begin PBXNativeTarget section */
		06277E9E1D35E8C60050816F /* block的使用 */ = {
			isa = PBXNativeTarget;
			buildConfigurationList = 06277ECC1D35E8C60050816F /* Build configuration list for PBXNativeTarget "block的使用" */;
			buildPhases = (
				06277E9B1D35E8C60050816F /* Sources */,
				06277E9C1D35E8C60050816F /* Frameworks */,
				06277E9D1D35E8C60050816F /* Resources */,
			);
			buildRules = (
			);
			dependencies = (
			);
			name = "block的使用";
			productName = "block的使用";
			productReference = 06277E9F1D35E8C60050816F /* block的使用.app */;
			productType = "com.apple.product-type.application";
		};
		06277EB71D35E8C60050816F /* block的使用Tests */ = {
			isa = PBXNativeTarget;
			buildConfigurationList = 06277ECF1D35E8C60050816F /* Build configuration list for PBXNativeTarget "block的使用Tests" */;
			buildPhases = (
				06277EB41D35E8C60050816F /* Sources */,
				06277EB51D35E8C60050816F /* Frameworks */,
				06277EB61D35E8C60050816F /* Resources */,
			);
			buildRules = (
			);
			dependencies = (
				06277EBA1D35E8C60050816F /* PBXTargetDependency */,
			);
			name = "block的使用Tests";
			productName = "block的使用Tests";
			productReference = 06277EB81D35E8C60050816F /* block的使用Tests.xctest */;
			productType = "com.apple.product-type.bundle.unit-test";
		};
		06277EC21D35E8C60050816F /* block的使用UITests */ = {
			isa = PBXNativeTarget;
			buildConfigurationList = 06277ED21D35E8C60050816F /* Build configuration list for PBXNativeTarget "block的使用UITests" */;
			buildPhases = (
				06277EBF1D35E8C60050816F /* Sources */,
				06277EC01D35E8C60050816F /* Frameworks */,
				06277EC11D35E8C60050816F /* Resources */,
			);
			buildRules = (
			);
			dependencies = (
				06277EC51D35E8C60050816F /* PBXTargetDependency */,
			);
			name = "block的使用UITests";
			productName = "block的使用UITests";
			productReference = 06277EC31D35E8C60050816F /* block的使用UITests.xctest */;
			productType = "com.apple.product-type.bundle.ui-testing";
		};
/* End PBXNativeTarget section */

/* Begin PBXProject section */
		06277E971D35E8C60050816F /* Project object */ = {
			isa = PBXProject;
			attributes = {
				LastUpgradeCheck = 0720;
				ORGANIZATIONNAME = zyh;
				TargetAttributes = {
					06277E9E1D35E8C60050816F = {
						CreatedOnToolsVersion = 7.2;
					};
					06277EB71D35E8C60050816F = {
						CreatedOnToolsVersion = 7.2;
						TestTargetID = 06277E9E1D35E8C60050816F;
					};
					06277EC21D35E8C60050816F = {
						CreatedOnToolsVersion = 7.2;
						TestTargetID = 06277E9E1D35E8C60050816F;
					};
				};
			};
			buildConfigurationList = 06277E9A1D35E8C60050816F /* Build configuration list for PBXProject "block的使用" */;
			compatibilityVersion = "Xcode 3.2";
			developmentRegion = English;
			hasScannedForEncodings = 0;
			knownRegions = (
				en,
				Base,
			);
			mainGroup = 06277E961D35E8C60050816F;
			productRefGroup = 06277EA01D35E8C60050816F /* Products */;
			projectDirPath = "";
			projectRoot = "";
			targets = (
				06277E9E1D35E8C60050816F /* block的使用 */,
				06277EB71D35E8C60050816F /* block的使用Tests */,
				06277EC21D35E8C60050816F /* block的使用UITests */,
			);
		};
/* End PBXProject section */

/* Begin PBXResourcesBuildPhase section */
		06277E9D1D35E8C60050816F /* Resources */ = {
			isa = PBXResourcesBuildPhase;
			buildActionMask = 2147483647;
			files = (
				06277EB21D35E8C60050816F /* LaunchScreen.storyboard in Resources */,
				06277EAF1D35E8C60050816F /* Assets.xcassets in Resources */,
				06277EAD1D35E8C60050816F /* Main.storyboard in Resources */,
			);
			runOnlyForDeploymentPostprocessing = 0;
		};
		06277EB61D35E8C60050816F /* Resources */ = {
			isa = PBXResourcesBuildPhase;
			buildActionMask = 2147483647;
			files = (
			);
			runOnlyForDeploymentPostprocessing = 0;
		};
		06277EC11D35E8C60050816F /* Resources */ = {
			isa = PBXResourcesBuildPhase;
			buildActionMask = 2147483647;
			files = (
			);
			runOnlyForDeploymentPostprocessing = 0;
		};
/* End PBXResourcesBuildPhase section */

/* Begin PBXSourcesBuildPhase section */
		06277E9B1D35E8C60050816F /* Sources */ = {
			isa = PBXSourcesBuildPhase;
			buildActionMask = 2147483647;
			files = (
				06277EAA1D35E8C60050816F /* ViewController.m in Sources */,
				06277EA71D35E8C60050816F /* AppDelegate.m in Sources */,
				06277ED71D35EB9B0050816F /* Person.m in Sources */,
				06277EA41D35E8C60050816F /* main.m in Sources */,
			);
			runOnlyForDeploymentPostprocessing = 0;
		};
		06277EB41D35E8C60050816F /* Sources */ = {
			isa = PBXSourcesBuildPhase;
			buildActionMask = 2147483647;
			files = (
				06277EBD1D35E8C60050816F /* block___Tests.m in Sources */,
			);
			runOnlyForDeploymentPostprocessing = 0;
		};
		06277EBF1D35E8C60050816F /* Sources */ = {
			isa = PBXSourcesBuildPhase;
			buildActionMask = 2147483647;
			files = (
				06277EC81D35E8C60050816F /* block___UITests.m in Sources */,
			);
			runOnlyForDeploymentPostprocessing = 0;
		};
/* End PBXSourcesBuildPhase section */

/* Begin PBXTargetDependency section */
		06277EBA1D35E8C60050816F /* PBXTargetDependency */ = {
			isa = PBXTargetDependency;
			target = 06277E9E1D35E8C60050816F /* block的使用 */;
			targetProxy = 06277EB91D35E8C60050816F /* PBXContainerItemProxy */;
		};
		06277EC51D35E8C60050816F /* PBXTargetDependency */ = {
			isa = PBXTargetDependency;
			target = 06277E9E1D35E8C60050816F /* block的使用 */;
			targetProxy = 06277EC41D35E8C60050816F /* PBXContainerItemProxy */;
		};
/* End PBXTargetDependency section */

/* Begin PBXVariantGroup section */
		06277EAB1D35E8C60050816F /* Main.storyboard */ = {
			isa = PBXVariantGroup;
			children = (
				06277EAC1D35E8C60050816F /* Base */,
			);
			name = Main.storyboard;
			sourceTree = "<group>";
		};
		06277EB01D35E8C60050816F /* LaunchScreen.storyboard */ = {
			isa = PBXVariantGroup;
			children = (
				06277EB11D35E8C60050816F /* Base */,
			);
			name = LaunchScreen.storyboard;
			sourceTree = "<group>";
		};
/* End PBXVariantGroup section */

/* Begin XCBuildConfiguration section */
		06277ECA1D35E8C60050816F /* Debug */ = {
			isa = XCBuildConfiguration;
			buildSettings = {
				ALWAYS_SEARCH_USER_PATHS = NO;
				CLANG_CXX_LANGUAGE_STANDARD = "gnu++0x";
				CLANG_CXX_LIBRARY = "libc++";
				CLANG_ENABLE_MODULES = YES;
				CLANG_ENABLE_OBJC_ARC = YES;
				CLANG_WARN_BOOL_CONVERSION = YES;
				CLANG_WARN_CONSTANT_CONVERSION = YES;
				CLANG_WARN_DIRECT_OBJC_ISA_USAGE = YES_ERROR;
				CLANG_WARN_EMPTY_BODY = YES;
				CLANG_WARN_ENUM_CONVERSION = YES;
				CLANG_WARN_INT_CONVERSION = YES;
				CLANG_WARN_OBJC_ROOT_CLASS = YES_ERROR;
				CLANG_WARN_UNREACHABLE_CODE = YES;
				CLANG_WARN__DUPLICATE_METHOD_MATCH = YES;
				"CODE_SIGN_IDENTITY[sdk=iphoneos*]" = "iPhone Developer";
				COPY_PHASE_STRIP = NO;
				DEBUG_INFORMATION_FORMAT = dwarf;
				ENABLE_STRICT_OBJC_MSGSEND = YES;
				ENABLE_TESTABILITY = YES;
				GCC_C_LANGUAGE_STANDARD = gnu99;
				GCC_DYNAMIC_NO_PIC = NO;
				GCC_NO_COMMON_BLOCKS = YES;
				GCC_OPTIMIZATION_LEVEL = 0;
				GCC_PREPROCESSOR_DEFINITIONS = (
					"DEBUG=1",
					"$(inherited)",
				);
				GCC_WARN_64_TO_32_BIT_CONVERSION = YES;
				GCC_WARN_ABOUT_RETURN_TYPE = YES_ERROR;
				GCC_WARN_UNDECLARED_SELECTOR = YES;
				GCC_WARN_UNINITIALIZED_AUTOS = YES_AGGRESSIVE;
				GCC_WARN_UNUSED_FUNCTION = YES;
				GCC_WARN_UNUSED_VARIABLE = YES;
				IPHONEOS_DEPLOYMENT_TARGET = 9.2;
				MTL_ENABLE_DEBUG_INFO = YES;
				ONLY_ACTIVE_ARCH = YES;
				SDKROOT = iphoneos;
				TARGETED_DEVICE_FAMILY = "1,2";
			};
			name = Debug;
		};
		06277ECB1D35E8C60050816F /* Release */ = {
			isa = XCBuildConfiguration;
			buildSettings = {
				ALWAYS_SEARCH_USER_PATHS = NO;
				CLANG_CXX_LANGUAGE_STANDARD = "gnu++0x";
				CLANG_CXX_LIBRARY = "libc++";
				CLANG_ENABLE_MODULES = YES;
				CLANG_ENABLE_OBJC_ARC = YES;
				CLANG_WARN_BOOL_CONVERSION = YES;
				CLANG_WARN_CONSTANT_CONVERSION = YES;
				CLANG_WARN_DIRECT_OBJC_ISA_USAGE = YES_ERROR;
				CLANG_WARN_EMPTY_BODY = YES;
				CLANG_WARN_ENUM_CONVERSION = YES;
				CLANG_WARN_INT_CONVERSION = YES;
				CLANG_WARN_OBJC_ROOT_CLASS = YES_ERROR;
				CLANG_WARN_UNREACHABLE_CODE = YES;
				CLANG_WARN__DUPLICATE_METHOD_MATCH = YES;
				"CODE_SIGN_IDENTITY[sdk=iphoneos*]" = "iPhone Developer";
				COPY_PHASE_STRIP = NO;
				DEBUG_INFORMATION_FORMAT = "dwarf-with-dsym";
				ENABLE_NS_ASSERTIONS = NO;
				ENABLE_STRICT_OBJC_MSGSEND = YES;
				GCC_C_LANGUAGE_STANDARD = gnu99;
				GCC_NO_COMMON_BLOCKS = YES;
				GCC_WARN_64_TO_32_BIT_CONVERSION = YES;
				GCC_WARN_ABOUT_RETURN_TYPE = YES_ERROR;
				GCC_WARN_UNDECLARED_SELECTOR = YES;
				GCC_WARN_UNINITIALIZED_AUTOS = YES_AGGRESSIVE;
				GCC_WARN_UNUSED_FUNCTION = YES;
				GCC_WARN_UNUSED_VARIABLE = YES;
				IPHONEOS_DEPLOYMENT_TARGET = 9.2;
				MTL_ENABLE_DEBUG_INFO = NO;
				SDKROOT = iphoneos;
				TARGETED_DEVICE_FAMILY = "1,2";
				VALIDATE_PRODUCT = YES;
			};
			name = Release;
		};
		06277ECD1D35E8C60050816F /* Debug */ = {
			isa = XCBuildConfiguration;
			buildSettings = {
				ASSETCATALOG_COMPILER_APPICON_NAME = AppIcon;
				INFOPLIST_FILE = "block的使用/Info.plist";
				LD_RUNPATH_SEARCH_PATHS = "$(inherited) @executable_path/Frameworks";
				PRODUCT_BUNDLE_IDENTIFIER = "zyh.block---";
				PRODUCT_NAME = "$(TARGET_NAME)";
			};
			name = Debug;
		};
		06277ECE1D35E8C60050816F /* Release */ = {
			isa = XCBuildConfiguration;
			buildSettings = {
				ASSETCATALOG_COMPILER_APPICON_NAME = AppIcon;
				INFOPLIST_FILE = "block的使用/Info.plist";
				LD_RUNPATH_SEARCH_PATHS = "$(inherited) @executable_path/Frameworks";
				PRODUCT_BUNDLE_IDENTIFIER = "zyh.block---";
				PRODUCT_NAME = "$(TARGET_NAME)";
			};
			name = Release;
		};
		06277ED01D35E8C60050816F /* Debug */ = {
			isa = XCBuildConfiguration;
			buildSettings = {
				BUNDLE_LOADER = "$(TEST_HOST)";
				INFOPLIST_FILE = "block的使用Tests/Info.plist";
				LD_RUNPATH_SEARCH_PATHS = "$(inherited) @executable_path/Frameworks @loader_path/Frameworks";
				PRODUCT_BUNDLE_IDENTIFIER = "zyh.block---Tests";
				PRODUCT_NAME = "$(TARGET_NAME)";
				TEST_HOST = "$(BUILT_PRODUCTS_DIR)/block的使用.app/block的使用";
			};
			name = Debug;
		};
		06277ED11D35E8C60050816F /* Release */ = {
			isa = XCBuildConfiguration;
			buildSettings = {
				BUNDLE_LOADER = "$(TEST_HOST)";
				INFOPLIST_FILE = "block的使用Tests/Info.plist";
				LD_RUNPATH_SEARCH_PATHS = "$(inherited) @executable_path/Frameworks @loader_path/Frameworks";
				PRODUCT_BUNDLE_IDENTIFIER = "zyh.block---Tests";
				PRODUCT_NAME = "$(TARGET_NAME)";
				TEST_HOST = "$(BUILT_PRODUCTS_DIR)/block的使用.app/block的使用";
			};
			name = Release;
		};
		06277ED31D35E8C60050816F /* Debug */ = {
			isa = XCBuildConfiguration;
			buildSettings = {
				INFOPLIST_FILE = "block的使用UITests/Info.plist";
				LD_RUNPATH_SEARCH_PATHS = "$(inherited) @executable_path/Frameworks @loader_path/Frameworks";
				PRODUCT_BUNDLE_IDENTIFIER = "zyh.block---UITests";
				PRODUCT_NAME = "$(TARGET_NAME)";
				TEST_TARGET_NAME = "block的使用";
				USES_XCTRUNNER = YES;
			};
			name = Debug;
		};
		06277ED41D35E8C60050816F /* Release */ = {
			isa = XCBuildConfiguration;
			buildSettings = {
				INFOPLIST_FILE = "block的使用UITests/Info.plist";
				LD_RUNPATH_SEARCH_PATHS = "$(inherited) @executable_path/Frameworks @loader_path/Frameworks";
				PRODUCT_BUNDLE_IDENTIFIER = "zyh.block---UITests";
				PRODUCT_NAME = "$(TARGET_NAME)";
				TEST_TARGET_NAME = "block的使用";
				USES_XCTRUNNER = YES;
			};
			name = Release;
		};
/* End XCBuildConfiguration section */

/* Begin XCConfigurationList section */
		06277E9A1D35E8C60050816F /* Build configuration list for PBXProject "block的使用" */ = {
			isa = XCConfigurationList;
			buildConfigurations = (
				06277ECA1D35E8C60050816F /* Debug */,
				06277ECB1D35E8C60050816F /* Release */,
			);
			defaultConfigurationIsVisible = 0;
			defaultConfigurationName = Release;
		};
		06277ECC1D35E8C60050816F /* Build configuration list for PBXNativeTarget "block的使用" */ = {
			isa = XCConfigurationList;
			buildConfigurations = (
				06277ECD1D35E8C60050816F /* Debug */,
				06277ECE1D35E8C60050816F /* Release */,
			);
			defaultConfigurationIsVisible = 0;
			defaultConfigurationName = Release;
		};
		06277ECF1D35E8C60050816F /* Build configuration list for PBXNativeTarget "block的使用Tests" */ = {
			isa = XCConfigurationList;
			buildConfigurations = (
				06277ED01D35E8C60050816F /* Debug */,
				06277ED11D35E8C60050816F /* Release */,
			);
			defaultConfigurationIsVisible = 0;
			defaultConfigurationName = Release;
		};
		06277ED21D35E8C60050816F /* Build configuration list for PBXNativeTarget "block的使用UITests" */ = {
			isa = XCConfigurationList;
			buildConfigurations = (
				06277ED31D35E8C60050816F /* Debug */,
				06277ED41D35E8C60050816F /* Release */,
			);
			defaultConfigurationIsVisible = 0;
			defaultConfigurationName = Release;
		};
/* End XCConfigurationList section */
	};
	rootObject = 06277E971D35E8C60050816F /* Project object */;
}
